// !$*UTF8*$!
{
	archiveVersion = 1;
	classes = {
	};
	objectVersion = 55;
	objects = {

/* Begin PBXBuildFile section */
		F902ADBB281C373600B55819 /* VideoGameViewModel.swift in Sources */ = {isa = PBXBuildFile; fileRef = F902ADBA281C373600B55819 /* VideoGameViewModel.swift */; };
		F975886C281B1AA2004BCC03 /* AppDelegate.swift in Sources */ = {isa = PBXBuildFile; fileRef = F975886B281B1AA2004BCC03 /* AppDelegate.swift */; };
		F975886E281B1AA2004BCC03 /* SceneDelegate.swift in Sources */ = {isa = PBXBuildFile; fileRef = F975886D281B1AA2004BCC03 /* SceneDelegate.swift */; };
		F9758870281B1AA2004BCC03 /* ViewController.swift in Sources */ = {isa = PBXBuildFile; fileRef = F975886F281B1AA2004BCC03 /* ViewController.swift */; };
		F9758873281B1AA2004BCC03 /* Main.storyboard in Resources */ = {isa = PBXBuildFile; fileRef = F9758871281B1AA2004BCC03 /* Main.storyboard */; };
		F9758875281B1AA3004BCC03 /* Assets.xcassets in Resources */ = {isa = PBXBuildFile; fileRef = F9758874281B1AA3004BCC03 /* Assets.xcassets */; };
		F9758878281B1AA3004BCC03 /* LaunchScreen.storyboard in Resources */ = {isa = PBXBuildFile; fileRef = F9758876281B1AA3004BCC03 /* LaunchScreen.storyboard */; };
		F9758880281B1D78004BCC03 /* VideoGameTableViewCell.swift in Sources */ = {isa = PBXBuildFile; fileRef = F975887F281B1D78004BCC03 /* VideoGameTableViewCell.swift */; };
		F9758882281B1F9C004BCC03 /* example.jpeg in Resources */ = {isa = PBXBuildFile; fileRef = F9758881281B1F9C004BCC03 /* example.jpeg */; };
		F9758887281B2183004BCC03 /* VideoGames.swift in Sources */ = {isa = PBXBuildFile; fileRef = F9758886281B2183004BCC03 /* VideoGames.swift */; };
		F975888A281B22FE004BCC03 /* VideoGameService.swift in Sources */ = {isa = PBXBuildFile; fileRef = F9758889281B22FE004BCC03 /* VideoGameService.swift */; };
/* End PBXBuildFile section */

/* Begin PBXFileReference section */
		F902ADBA281C373600B55819 /* VideoGameViewModel.swift */ = {isa = PBXFileReference; lastKnownFileType = sourcecode.swift; path = VideoGameViewModel.swift; sourceTree = "<group>"; };
		F9758868281B1AA2004BCC03 /* VideoGamesIMDB.app */ = {isa = PBXFileReference; explicitFileType = wrapper.application; includeInIndex = 0; path = VideoGamesIMDB.app; sourceTree = BUILT_PRODUCTS_DIR; };
		F975886B281B1AA2004BCC03 /* AppDelegate.swift */ = {isa = PBXFileReference; lastKnownFileType = sourcecode.swift; path = AppDelegate.swift; sourceTree = "<group>"; };
		F975886D281B1AA2004BCC03 /* SceneDelegate.swift */ = {isa = PBXFileReference; lastKnownFileType = sourcecode.swift; path = SceneDelegate.swift; sourceTree = "<group>"; };
		F975886F281B1AA2004BCC03 /* ViewController.swift */ = {isa = PBXFileReference; lastKnownFileType = sourcecode.swift; path = ViewController.swift; sourceTree = "<group>"; };
		F9758872281B1AA2004BCC03 /* Base */ = {isa = PBXFileReference; lastKnownFileType = file.storyboard; name = Base; path = Base.lproj/Main.storyboard; sourceTree = "<group>"; };
		F9758874281B1AA3004BCC03 /* Assets.xcassets */ = {isa = PBXFileReference; lastKnownFileType = folder.assetcatalog; path = Assets.xcassets; sourceTree = "<group>"; };
		F9758877281B1AA3004BCC03 /* Base */ = {isa = PBXFileReference; lastKnownFileType = file.storyboard; name = Base; path = Base.lproj/LaunchScreen.storyboard; sourceTree = "<group>"; };
		F9758879281B1AA3004BCC03 /* Info.plist */ = {isa = PBXFileReference; lastKnownFileType = text.plist.xml; path = Info.plist; sourceTree = "<group>"; };
		F975887F281B1D78004BCC03 /* VideoGameTableViewCell.swift */ = {isa = PBXFileReference; lastKnownFileType = sourcecode.swift; path = VideoGameTableViewCell.swift; sourceTree = "<group>"; };
		F9758881281B1F9C004BCC03 /* example.jpeg */ = {isa = PBXFileReference; lastKnownFileType = image.jpeg; path = example.jpeg; sourceTree = "<group>"; };
		F9758886281B2183004BCC03 /* VideoGames.swift */ = {isa = PBXFileReference; lastKnownFileType = sourcecode.swift; path = VideoGames.swift; sourceTree = "<group>"; };
		F9758889281B22FE004BCC03 /* VideoGameService.swift */ = {isa = PBXFileReference; lastKnownFileType = sourcecode.swift; path = VideoGameService.swift; sourceTree = "<group>"; };
/* End PBXFileReference section */

/* Begin PBXFrameworksBuildPhase section */
		F9758865281B1AA2004BCC03 /* Frameworks */ = {
			isa = PBXFrameworksBuildPhase;
			buildActionMask = 2147483647;
			files = (
			);
			runOnlyForDeploymentPostprocessing = 0;
		};
/* End PBXFrameworksBuildPhase section */

/* Begin PBXGroup section */
		F902ADB9281C36DB00B55819 /* ViewModel */ = {
			isa = PBXGroup;
			children = (
				F902ADBA281C373600B55819 /* VideoGameViewModel.swift */,
			);
			path = ViewModel;
			sourceTree = "<group>";
		};
		F975885F281B1AA2004BCC03 = {
			isa = PBXGroup;
			children = (
				F975886A281B1AA2004BCC03 /* VideoGamesIMDB */,
				F9758869281B1AA2004BCC03 /* Products */,
			);
			sourceTree = "<group>";
		};
		F9758869281B1AA2004BCC03 /* Products */ = {
			isa = PBXGroup;
			children = (
				F9758868281B1AA2004BCC03 /* VideoGamesIMDB.app */,
			);
			name = Products;
			sourceTree = "<group>";
		};
		F975886A281B1AA2004BCC03 /* VideoGamesIMDB */ = {
			isa = PBXGroup;
			children = (
				F902ADB9281C36DB00B55819 /* ViewModel */,
				F9758885281B216D004BCC03 /* Model */,
				F9758884281B2150004BCC03 /* Service */,
				F9758883281B2147004BCC03 /* View */,
				F9758871281B1AA2004BCC03 /* Main.storyboard */,
				F9758874281B1AA3004BCC03 /* Assets.xcassets */,
				F9758876281B1AA3004BCC03 /* LaunchScreen.storyboard */,
				F9758881281B1F9C004BCC03 /* example.jpeg */,
				F9758879281B1AA3004BCC03 /* Info.plist */,
			);
			path = VideoGamesIMDB;
			sourceTree = "<group>";
		};
		F9758883281B2147004BCC03 /* View */ = {
			isa = PBXGroup;
			children = (
				F975886B281B1AA2004BCC03 /* AppDelegate.swift */,
				F975886D281B1AA2004BCC03 /* SceneDelegate.swift */,
				F975886F281B1AA2004BCC03 /* ViewController.swift */,
				F975887F281B1D78004BCC03 /* VideoGameTableViewCell.swift */,
			);
			path = View;
			sourceTree = "<group>";
		};
		F9758884281B2150004BCC03 /* Service */ = {
			isa = PBXGroup;
			children = (
				F9758889281B22FE004BCC03 /* VideoGameService.swift */,
			);
			path = Service;
			sourceTree = "<group>";
		};
		F9758885281B216D004BCC03 /* Model */ = {
			isa = PBXGroup;
			children = (
				F9758886281B2183004BCC03 /* VideoGames.swift */,
			);
			path = Model;
			sourceTree = "<group>";
		};
/* End PBXGroup section */

/* Begin PBXNativeTarget section */
		F9758867281B1AA2004BCC03 /* VideoGamesIMDB */ = {
			isa = PBXNativeTarget;
			buildConfigurationList = F975887C281B1AA3004BCC03 /* Build configuration list for PBXNativeTarget "VideoGamesIMDB" */;
			buildPhases = (
				F9758864281B1AA2004BCC03 /* Sources */,
				F9758865281B1AA2004BCC03 /* Frameworks */,
				F9758866281B1AA2004BCC03 /* Resources */,
			);
			buildRules = (
			);
			dependencies = (
			);
			name = VideoGamesIMDB;
			productName = VideoGamesIMDB;
			productReference = F9758868281B1AA2004BCC03 /* VideoGamesIMDB.app */;
			productType = "com.apple.product-type.application";
		};
/* End PBXNativeTarget section */

/* Begin PBXProject section */
		F9758860281B1AA2004BCC03 /* Project object */ = {
			isa = PBXProject;
			attributes = {
				BuildIndependentTargetsInParallel = 1;
				LastSwiftUpdateCheck = 1330;
				LastUpgradeCheck = 1330;
				TargetAttributes = {
					F9758867281B1AA2004BCC03 = {
						CreatedOnToolsVersion = 13.3;
					};
				};
			};
			buildConfigurationList = F9758863281B1AA2004BCC03 /* Build configuration list for PBXProject "VideoGamesIMDB" */;
			compatibilityVersion = "Xcode 13.0";
			developmentRegion = en;
			hasScannedForEncodings = 0;
			knownRegions = (
				en,
				Base,
			);
			mainGroup = F975885F281B1AA2004BCC03;
			productRefGroup = F9758869281B1AA2004BCC03 /* Products */;
			projectDirPath = "";
			projectRoot = "";
			targets = (
				F9758867281B1AA2004BCC03 /* VideoGamesIMDB */,
			);
		};
/* End PBXProject section */

/* Begin PBXResourcesBuildPhase section */
		F9758866281B1AA2004BCC03 /* Resources */ = {
			isa = PBXResourcesBuildPhase;
			buildActionMask = 2147483647;
			files = (
				F9758882281B1F9C004BCC03 /* example.jpeg in Resources */,
				F9758878281B1AA3004BCC03 /* LaunchScreen.storyboard in Resources */,
				F9758875281B1AA3004BCC03 /* Assets.xcassets in Resources */,
				F9758873281B1AA2004BCC03 /* Main.storyboard in Resources */,
			);
			runOnlyForDeploymentPostprocessing = 0;
		};
/* End PBXResourcesBuildPhase section */

/* Begin PBXSourcesBuildPhase section */
		F9758864281B1AA2004BCC03 /* Sources */ = {
			isa = PBXSourcesBuildPhase;
			buildActionMask = 2147483647;
			files = (
				F9758870281B1AA2004BCC03 /* ViewController.swift in Sources */,
				F975886C281B1AA2004BCC03 /* AppDelegate.swift in Sources */,
				F975886E281B1AA2004BCC03 /* SceneDelegate.swift in Sources */,
				F902ADBB281C373600B55819 /* VideoGameViewModel.swift in Sources */,
				F9758880281B1D78004BCC03 /* VideoGameTableViewCell.swift in Sources */,
				F9758887281B2183004BCC03 /* VideoGames.swift in Sources */,
				F975888A281B22FE004BCC03 /* VideoGameService.swift in Sources */,
			);
			runOnlyForDeploymentPostprocessing = 0;
		};
/* End PBXSourcesBuildPhase section */

/* Begin PBXVariantGroup section */
		F9758871281B1AA2004BCC03 /* Main.storyboard */ = {
			isa = PBXVariantGroup;
			children = (
				F9758872281B1AA2004BCC03 /* Base */,
			);
			name = Main.storyboard;
			sourceTree = "<group>";
		};
		F9758876281B1AA3004BCC03 /* LaunchScreen.storyboard */ = {
			isa = PBXVariantGroup;
			children = (
				F9758877281B1AA3004BCC03 /* Base */,
			);
			name = LaunchScreen.storyboard;
			sourceTree = "<group>";
		};
/* End PBXVariantGroup section */

/* Begin XCBuildConfiguration section */
		F975887A281B1AA3004BCC03 /* Debug */ = {
			isa = XCBuildConfiguration;
			buildSettings = {
				ALWAYS_SEARCH_USER_PATHS = NO;
				CLANG_ANALYZER_NONNULL = YES;
				CLANG_ANALYZER_NUMBER_OBJECT_CONVERSION = YES_AGGRESSIVE;
				CLANG_CXX_LANGUAGE_STANDARD = "gnu++17";
				CLANG_ENABLE_MODULES = YES;
				CLANG_ENABLE_OBJC_ARC = YES;
				CLANG_ENABLE_OBJC_WEAK = YES;
				CLANG_WARN_BLOCK_CAPTURE_AUTORELEASING = YES;
				CLANG_WARN_BOOL_CONVERSION = YES;
				CLANG_WARN_COMMA = YES;
				CLANG_WARN_CONSTANT_CONVERSION = YES;
				CLANG_WARN_DEPRECATED_OBJC_IMPLEMENTATIONS = YES;
				CLANG_WARN_DIRECT_OBJC_ISA_USAGE = YES_ERROR;
				CLANG_WARN_DOCUMENTATION_COMMENTS = YES;
				CLANG_WARN_EMPTY_BODY = YES;
				CLANG_WARN_ENUM_CONVERSION = YES;
				CLANG_WARN_INFINITE_RECURSION = YES;
				CLANG_WARN_INT_CONVERSION = YES;
				CLANG_WARN_NON_LITERAL_NULL_CONVERSION = YES;
				CLANG_WARN_OBJC_IMPLICIT_RETAIN_SELF = YES;
				CLANG_WARN_OBJC_LITERAL_CONVERSION = YES;
				CLANG_WARN_OBJC_ROOT_CLASS = YES_ERROR;
				CLANG_WARN_QUOTED_INCLUDE_IN_FRAMEWORK_HEADER = YES;
				CLANG_WARN_RANGE_LOOP_ANALYSIS = YES;
				CLANG_WARN_STRICT_PROTOTYPES = YES;
				CLANG_WARN_SUSPICIOUS_MOVE = YES;
				CLANG_WARN_UNGUARDED_AVAILABILITY = YES_AGGRESSIVE;
				CLANG_WARN_UNREACHABLE_CODE = YES;
				CLANG_WARN__DUPLICATE_METHOD_MATCH = YES;
				COPY_PHASE_STRIP = NO;
				DEBUG_INFORMATION_FORMAT = dwarf;
				ENABLE_STRICT_OBJC_MSGSEND = YES;
				ENABLE_TESTABILITY = YES;
				GCC_C_LANGUAGE_STANDARD = gnu11;
				GCC_DYNAMIC_NO_PIC = NO;
				GCC_NO_COMMON_BLOCKS = YES;
				GCC_OPTIMIZATION_LEVEL = 0;
				GCC_PREPROCESSOR_DEFINITIONS = (
					"DEBUG=1",
					"$(inherited)",
				);
				GCC_WARN_64_TO_32_BIT_CONVERSION = YES;
				GCC_WARN_ABOUT_RETURN_TYPE = YES_ERROR;
				GCC_WARN_UNDECLARED_SELECTOR = YES;
				GCC_WARN_UNINITIALIZED_AUTOS = YES_AGGRESSIVE;
				GCC_WARN_UNUSED_FUNCTION = YES;
				GCC_WARN_UNUSED_VARIABLE = YES;
				IPHONEOS_DEPLOYMENT_TARGET = 15.4;
				MTL_ENABLE_DEBUG_INFO = INCLUDE_SOURCE;
				MTL_FAST_MATH = YES;
				ONLY_ACTIVE_ARCH = YES;
				SDKROOT = iphoneos;
				SWIFT_ACTIVE_COMPILATION_CONDITIONS = DEBUG;
				SWIFT_OPTIMIZATION_LEVEL = "-Onone";
			};
			name = Debug;
		};
		F975887B281B1AA3004BCC03 /* Release */ = {
			isa = XCBuildConfiguration;
			buildSettings = {
				ALWAYS_SEARCH_USER_PATHS = NO;
				CLANG_ANALYZER_NONNULL = YES;
				CLANG_ANALYZER_NUMBER_OBJECT_CONVERSION = YES_AGGRESSIVE;
				CLANG_CXX_LANGUAGE_STANDARD = "gnu++17";
				CLANG_ENABLE_MODULES = YES;
				CLANG_ENABLE_OBJC_ARC = YES;
				CLANG_ENABLE_OBJC_WEAK = YES;
				CLANG_WARN_BLOCK_CAPTURE_AUTORELEASING = YES;
				CLANG_WARN_BOOL_CONVERSION = YES;
				CLANG_WARN_COMMA = YES;
				CLANG_WARN_CONSTANT_CONVERSION = YES;
				CLANG_WARN_DEPRECATED_OBJC_IMPLEMENTATIONS = YES;
				CLANG_WARN_DIRECT_OBJC_ISA_USAGE = YES_ERROR;
				CLANG_WARN_DOCUMENTATION_COMMENTS = YES;
				CLANG_WARN_EMPTY_BODY = YES;
				CLANG_WARN_ENUM_CONVERSION = YES;
				CLANG_WARN_INFINITE_RECURSION = YES;
				CLANG_WARN_INT_CONVERSION = YES;
				CLANG_WARN_NON_LITERAL_NULL_CONVERSION = YES;
				CLANG_WARN_OBJC_IMPLICIT_RETAIN_SELF = YES;
				CLANG_WARN_OBJC_LITERAL_CONVERSION = YES;
				CLANG_WARN_OBJC_ROOT_CLASS = YES_ERROR;
				CLANG_WARN_QUOTED_INCLUDE_IN_FRAMEWORK_HEADER = YES;
				CLANG_WARN_RANGE_LOOP_ANALYSIS = YES;
				CLANG_WARN_STRICT_PROTOTYPES = YES;
				CLANG_WARN_SUSPICIOUS_MOVE = YES;
				CLANG_WARN_UNGUARDED_AVAILABILITY = YES_AGGRESSIVE;
				CLANG_WARN_UNREACHABLE_CODE = YES;
				CLANG_WARN__DUPLICATE_METHOD_MATCH = YES;
				COPY_PHASE_STRIP = NO;
				DEBUG_INFORMATION_FORMAT = "dwarf-with-dsym";
				ENABLE_NS_ASSERTIONS = NO;
				ENABLE_STRICT_OBJC_MSGSEND = YES;
				GCC_C_LANGUAGE_STANDARD = gnu11;
				GCC_NO_COMMON_BLOCKS = YES;
				GCC_WARN_64_TO_32_BIT_CONVERSION = YES;
				GCC_WARN_ABOUT_RETURN_TYPE = YES_ERROR;
				GCC_WARN_UNDECLARED_SELECTOR = YES;
				GCC_WARN_UNINITIALIZED_AUTOS = YES_AGGRESSIVE;
				GCC_WARN_UNUSED_FUNCTION = YES;
				GCC_WARN_UNUSED_VARIABLE = YES;
				IPHONEOS_DEPLOYMENT_TARGET = 15.4;
				MTL_ENABLE_DEBUG_INFO = NO;
				MTL_FAST_MATH = YES;
				SDKROOT = iphoneos;
				SWIFT_COMPILATION_MODE = wholemodule;
				SWIFT_OPTIMIZATION_LEVEL = "-O";
				VALIDATE_PRODUCT = YES;
			};
			name = Release;
		};
		F975887D281B1AA3004BCC03 /* Debug */ = {
			isa = XCBuildConfiguration;
			buildSettings = {
				ASSETCATALOG_COMPILER_APPICON_NAME = AppIcon;
				ASSETCATALOG_COMPILER_GLOBAL_ACCENT_COLOR_NAME = AccentColor;
				CODE_SIGN_STYLE = Automatic;
				CURRENT_PROJECT_VERSION = 1;
				DEVELOPMENT_TEAM = VDP4Z736G3;
				GENERATE_INFOPLIST_FILE = YES;
				INFOPLIST_FILE = VideoGamesIMDB/Info.plist;
				INFOPLIST_KEY_UIApplicationSupportsIndirectInputEvents = YES;
				INFOPLIST_KEY_UILaunchStoryboardName = LaunchScreen;
				INFOPLIST_KEY_UIMainStoryboardFile = Main;
				INFOPLIST_KEY_UISupportedInterfaceOrientations_iPad = "UIInterfaceOrientationPortrait UIInterfaceOrientationPortraitUpsideDown UIInterfaceOrientationLandscapeLeft UIInterfaceOrientationLandscapeRight";
				INFOPLIST_KEY_UISupportedInterfaceOrientations_iPhone = "UIInterfaceOrientationPortrait UIInterfaceOrientationLandscapeLeft UIInterfaceOrientationLandscapeRight";
				LD_RUNPATH_SEARCH_PATHS = (
					"$(inherited)",
					"@executable_path/Frameworks",
				);
				MARKETING_VERSION = 1.0;
				PRODUCT_BUNDLE_IDENTIFIER = com.berkebac.VideoGamesIMDB;
				PRODUCT_NAME = "$(TARGET_NAME)";
				SWIFT_EMIT_LOC_STRINGS = YES;
				SWIFT_VERSION = 5.0;
				TARGETED_DEVICE_FAMILY = "1,2";
			};
			name = Debug;
		};
		F975887E281B1AA3004BCC03 /* Release */ = {
			isa = XCBuildConfiguration;
			buildSettings = {
				ASSETCATALOG_COMPILER_APPICON_NAME = AppIcon;
				ASSETCATALOG_COMPILER_GLOBAL_ACCENT_COLOR_NAME = AccentColor;
				CODE_SIGN_STYLE = Automatic;
				CURRENT_PROJECT_VERSION = 1;
				DEVELOPMENT_TEAM = VDP4Z736G3;
				GENERATE_INFOPLIST_FILE = YES;
				INFOPLIST_FILE = VideoGamesIMDB/Info.plist;
				INFOPLIST_KEY_UIApplicationSupportsIndirectInputEvents = YES;
				INFOPLIST_KEY_UILaunchStoryboardName = LaunchScreen;
				INFOPLIST_KEY_UIMainStoryboardFile = Main;
				INFOPLIST_KEY_UISupportedInterfaceOrientations_iPad = "UIInterfaceOrientationPortrait UIInterfaceOrientationPortraitUpsideDown UIInterfaceOrientationLandscapeLeft UIInterfaceOrientationLandscapeRight";
				INFOPLIST_KEY_UISupportedInterfaceOrientations_iPhone = "UIInterfaceOrientationPortrait UIInterfaceOrientationLandscapeLeft UIInterfaceOrientationLandscapeRight";
				LD_RUNPATH_SEARCH_PATHS = (
					"$(inherited)",
					"@executable_path/Frameworks",
				);
				MARKETING_VERSION = 1.0;
				PRODUCT_BUNDLE_IDENTIFIER = com.berkebac.VideoGamesIMDB;
				PRODUCT_NAME = "$(TARGET_NAME)";
				SWIFT_EMIT_LOC_STRINGS = YES;
				SWIFT_VERSION = 5.0;
				TARGETED_DEVICE_FAMILY = "1,2";
			};
			name = Release;
		};
/* End XCBuildConfiguration section */

/* Begin XCConfigurationList section */
		F9758863281B1AA2004BCC03 /* Build configuration list for PBXProject "VideoGamesIMDB" */ = {
			isa = XCConfigurationList;
			buildConfigurations = (
				F975887A281B1AA3004BCC03 /* Debug */,
				F975887B281B1AA3004BCC03 /* Release */,
			);
			defaultConfigurationIsVisible = 0;
			defaultConfigurationName = Release;
		};
		F975887C281B1AA3004BCC03 /* Build configuration list for PBXNativeTarget "VideoGamesIMDB" */ = {
			isa = XCConfigurationList;
			buildConfigurations = (
				F975887D281B1AA3004BCC03 /* Debug */,
				F975887E281B1AA3004BCC03 /* Release */,
			);
			defaultConfigurationIsVisible = 0;
			defaultConfigurationName = Release;
		};
/* End XCConfigurationList section */
	};
	rootObject = F9758860281B1AA2004BCC03 /* Project object */;
}
